
Microsoft Visual Studio Solution File, Format Version 12.00
# Visual Studio Version 16
VisualStudioVersion = 16.0.30413.136
MinimumVisualStudioVersion = 10.0.40219.1
Project("{9A19103F-16F7-4668-BE54-9A1E7A4F7556}") = "DimensionData", "DimensionData\DimensionData.csproj", "{548ACFC7-5B6F-427E-8BA9-0044F6CB53C0}"
EndProject
Global
	GlobalSection(SolutionConfigurationPlatforms) = preSolution
		Debug|Any CPU = Debug|Any CPU
		Release|Any CPU = Release|Any CPU
	EndGlobalSection
	GlobalSection(ProjectConfigurationPlatforms) = postSolution
		{548ACFC7-5B6F-427E-8BA9-0044F6CB53C0}.Debug|Any CPU.ActiveCfg = Debug|Any CPU
		{548ACFC7-5B6F-427E-8BA9-0044F6CB53C0}.Debug|Any CPU.Build.0 = Debug|Any CPU
		{548ACFC7-5B6F-427E-8BA9-0044F6CB53C0}.Release|Any CPU.ActiveCfg = Release|Any CPU
		{548ACFC7-5B6F-427E-8BA9-0044F6CB53C0}.Release|Any CPU.Build.0 = Release|Any CPU
	EndGlobalSection
	GlobalSection(SolutionProperties) = preSolution
		HideSolutionNode = FALSE
	EndGlobalSection
	GlobalSection(ExtensibilityGlobals) = postSolution
		SolutionGuid = {9527D3B9-F8E2-4FFF-8A12-6A532835BEC4}
	EndGlobalSection
EndGlobal
